
Microsoft Visual Studio Solution File, Format Version 12.00
# Visual Studio 2013
VisualStudioVersion = 12.0.21005.1
MinimumVisualStudioVersion = 10.0.40219.1
Project("{FAE04EC0-301F-11D3-BF4B-00C04F79EFBC}") = "CheckDeviceArgo", "CheckDeviceArgo\CheckDeviceArgo.csproj", "{43B570D4-9851-4166-96A4-35E00AF6DAB7}"
EndProject
Project("{FAE04EC0-301F-11D3-BF4B-00C04F79EFBC}") = "CheckDeviceArgo.BL", "CheckDeviceArgo.BL\CheckDeviceArgo.BL.csproj", "{911C3561-D466-4DFB-8BB1-948D80C94903}"
EndProject
Global
	GlobalSection(SolutionConfigurationPlatforms) = preSolution
		Debug|Any CPU = Debug|Any CPU
		Release|Any CPU = Release|Any CPU
	EndGlobalSection
	GlobalSection(ProjectConfigurationPlatforms) = postSolution
		{43B570D4-9851-4166-96A4-35E00AF6DAB7}.Debug|Any CPU.ActiveCfg = Debug|Any CPU
		{43B570D4-9851-4166-96A4-35E00AF6DAB7}.Debug|Any CPU.Build.0 = Debug|Any CPU
		{43B570D4-9851-4166-96A4-35E00AF6DAB7}.Release|Any CPU.ActiveCfg = Release|Any CPU
		{43B570D4-9851-4166-96A4-35E00AF6DAB7}.Release|Any CPU.Build.0 = Release|Any CPU
		{911C3561-D466-4DFB-8BB1-948D80C94903}.Debug|Any CPU.ActiveCfg = Debug|Any CPU
		{911C3561-D466-4DFB-8BB1-948D80C94903}.Debug|Any CPU.Build.0 = Debug|Any CPU
		{911C3561-D466-4DFB-8BB1-948D80C94903}.Release|Any CPU.ActiveCfg = Release|Any CPU
		{911C3561-D466-4DFB-8BB1-948D80C94903}.Release|Any CPU.Build.0 = Release|Any CPU
	EndGlobalSection
	GlobalSection(SolutionProperties) = preSolution
		HideSolutionNode = FALSE
	EndGlobalSection
EndGlobal
